
Microsoft Visual Studio Solution File, Format Version 12.00
Project("{2150E333-8FDC-42A3-9474-1A3956D46DE8}") = "src", "src", "{2F027A73-A16C-4A20-A90F-F8947EEDCCD9}"
EndProject
Project("{2150E333-8FDC-42A3-9474-1A3956D46DE8}") = "tests", "tests", "{B4B11598-F130-434C-A3DC-A9A83E515BA9}"
EndProject
Project("{FAE04EC0-301F-11D3-BF4B-00C04F79EFBC}") = "Robustor.UnitTests", "tests\Robustor.UnitTests.csproj", "{0F8A3F0B-B3D6-4D49-8091-14076C77FDAA}"
EndProject
Project("{2150E333-8FDC-42A3-9474-1A3956D46DE8}") = "example", "example", "{4ABD106F-F0B5-48D4-AFD8-761A6303D649}"
EndProject
Project("{FAE04EC0-301F-11D3-BF4B-00C04F79EFBC}") = "Consumer", "example\Consumer\Consumer.csproj", "{1FF28984-BC87-4E12-842C-FA1CD8979387}"
EndProject
Project("{FAE04EC0-301F-11D3-BF4B-00C04F79EFBC}") = "Producer", "example\Producer\Producer.csproj", "{0E1714EF-10B4-4F0B-A1DA-4CB13922E14E}"
EndProject
Project("{FAE04EC0-301F-11D3-BF4B-00C04F79EFBC}") = "Robustor", "Robustor\Robustor.csproj", "{38A015AD-B60F-413E-9FA1-42821EA7E900}"
EndProject
Global
	GlobalSection(SolutionConfigurationPlatforms) = preSolution
		Debug|Any CPU = Debug|Any CPU
		Release|Any CPU = Release|Any CPU
	EndGlobalSection
	GlobalSection(NestedProjects) = preSolution
		{0F8A3F0B-B3D6-4D49-8091-14076C77FDAA} = {B4B11598-F130-434C-A3DC-A9A83E515BA9}
		{1FF28984-BC87-4E12-842C-FA1CD8979387} = {4ABD106F-F0B5-48D4-AFD8-761A6303D649}
		{0E1714EF-10B4-4F0B-A1DA-4CB13922E14E} = {4ABD106F-F0B5-48D4-AFD8-761A6303D649}
		{38A015AD-B60F-413E-9FA1-42821EA7E900} = {2F027A73-A16C-4A20-A90F-F8947EEDCCD9}
	EndGlobalSection
	GlobalSection(ProjectConfigurationPlatforms) = postSolution
		{0F8A3F0B-B3D6-4D49-8091-14076C77FDAA}.Debug|Any CPU.ActiveCfg = Debug|Any CPU
		{0F8A3F0B-B3D6-4D49-8091-14076C77FDAA}.Debug|Any CPU.Build.0 = Debug|Any CPU
		{0F8A3F0B-B3D6-4D49-8091-14076C77FDAA}.Release|Any CPU.ActiveCfg = Release|Any CPU
		{0F8A3F0B-B3D6-4D49-8091-14076C77FDAA}.Release|Any CPU.Build.0 = Release|Any CPU
		{1FF28984-BC87-4E12-842C-FA1CD8979387}.Debug|Any CPU.ActiveCfg = Debug|Any CPU
		{1FF28984-BC87-4E12-842C-FA1CD8979387}.Debug|Any CPU.Build.0 = Debug|Any CPU
		{1FF28984-BC87-4E12-842C-FA1CD8979387}.Release|Any CPU.ActiveCfg = Release|Any CPU
		{1FF28984-BC87-4E12-842C-FA1CD8979387}.Release|Any CPU.Build.0 = Release|Any CPU
		{0E1714EF-10B4-4F0B-A1DA-4CB13922E14E}.Debug|Any CPU.ActiveCfg = Debug|Any CPU
		{0E1714EF-10B4-4F0B-A1DA-4CB13922E14E}.Debug|Any CPU.Build.0 = Debug|Any CPU
		{0E1714EF-10B4-4F0B-A1DA-4CB13922E14E}.Release|Any CPU.ActiveCfg = Release|Any CPU
		{0E1714EF-10B4-4F0B-A1DA-4CB13922E14E}.Release|Any CPU.Build.0 = Release|Any CPU
		{38A015AD-B60F-413E-9FA1-42821EA7E900}.Debug|Any CPU.ActiveCfg = Debug|Any CPU
		{38A015AD-B60F-413E-9FA1-42821EA7E900}.Debug|Any CPU.Build.0 = Debug|Any CPU
		{38A015AD-B60F-413E-9FA1-42821EA7E900}.Release|Any CPU.ActiveCfg = Release|Any CPU
		{38A015AD-B60F-413E-9FA1-42821EA7E900}.Release|Any CPU.Build.0 = Release|Any CPU
	EndGlobalSection
EndGlobal
